
Microsoft Visual Studio Solution File, Format Version 12.00
# Visual Studio Version 17
VisualStudioVersion = 17.6.33829.357
MinimumVisualStudioVersion = 10.0.40219.1
Project("{FAE04EC0-301F-11D3-BF4B-00C04F79EFBC}") = "Set", "Set\Set.csproj", "{0F515F16-EE7B-4358-9B62-E4473A139EB9}"
EndProject
Global
	GlobalSection(SolutionConfigurationPlatforms) = preSolution
		Debug|Any CPU = Debug|Any CPU
		Release|Any CPU = Release|Any CPU
	EndGlobalSection
	GlobalSection(ProjectConfigurationPlatforms) = postSolution
		{0F515F16-EE7B-4358-9B62-E4473A139EB9}.Debug|Any CPU.ActiveCfg = Debug|Any CPU
		{0F515F16-EE7B-4358-9B62-E4473A139EB9}.Debug|Any CPU.Build.0 = Debug|Any CPU
		{0F515F16-EE7B-4358-9B62-E4473A139EB9}.Release|Any CPU.ActiveCfg = Release|Any CPU
		{0F515F16-EE7B-4358-9B62-E4473A139EB9}.Release|Any CPU.Build.0 = Release|Any CPU
	EndGlobalSection
	GlobalSection(SolutionProperties) = preSolution
		HideSolutionNode = FALSE
	EndGlobalSection
	GlobalSection(ExtensibilityGlobals) = postSolution
		SolutionGuid = {6DBE160B-C907-4529-A83C-D089ABD37073}
	EndGlobalSection
EndGlobal
